
Microsoft Visual Studio Solution File, Format Version 12.00
# Visual Studio Version 16
VisualStudioVersion = 16.0.31605.320
MinimumVisualStudioVersion = 10.0.40219.1
Project("{FAE04EC0-301F-11D3-BF4B-00C04F79EFBC}") = "CsvExportEngine", "CsvExportEngine\CsvExportEngine.csproj", "{237B69AA-9CB4-464D-82E1-CBD27D73EE64}"
EndProject
Project("{FAE04EC0-301F-11D3-BF4B-00C04F79EFBC}") = "CsvExportEngine.Contracts", "CsvExportEngine.Contracts\CsvExportEngine.Contracts.csproj", "{8928FCAA-8DBC-4F24-A57B-B3435FA9497F}"
EndProject
Project("{FAE04EC0-301F-11D3-BF4B-00C04F79EFBC}") = "CsvExportEngineDemoApp", "CsvExportEngineDemoApp\CsvExportEngineDemoApp.csproj", "{5C853A4C-16DD-4696-85ED-7B245C2F5E26}"
EndProject
Global
	GlobalSection(SolutionConfigurationPlatforms) = preSolution
		Debug|Any CPU = Debug|Any CPU
		Release|Any CPU = Release|Any CPU
	EndGlobalSection
	GlobalSection(ProjectConfigurationPlatforms) = postSolution
		{237B69AA-9CB4-464D-82E1-CBD27D73EE64}.Debug|Any CPU.ActiveCfg = Debug|Any CPU
		{237B69AA-9CB4-464D-82E1-CBD27D73EE64}.Debug|Any CPU.Build.0 = Debug|Any CPU
		{237B69AA-9CB4-464D-82E1-CBD27D73EE64}.Release|Any CPU.ActiveCfg = Release|Any CPU
		{237B69AA-9CB4-464D-82E1-CBD27D73EE64}.Release|Any CPU.Build.0 = Release|Any CPU
		{8928FCAA-8DBC-4F24-A57B-B3435FA9497F}.Debug|Any CPU.ActiveCfg = Debug|Any CPU
		{8928FCAA-8DBC-4F24-A57B-B3435FA9497F}.Debug|Any CPU.Build.0 = Debug|Any CPU
		{8928FCAA-8DBC-4F24-A57B-B3435FA9497F}.Release|Any CPU.ActiveCfg = Release|Any CPU
		{8928FCAA-8DBC-4F24-A57B-B3435FA9497F}.Release|Any CPU.Build.0 = Release|Any CPU
		{5C853A4C-16DD-4696-85ED-7B245C2F5E26}.Debug|Any CPU.ActiveCfg = Debug|Any CPU
		{5C853A4C-16DD-4696-85ED-7B245C2F5E26}.Debug|Any CPU.Build.0 = Debug|Any CPU
		{5C853A4C-16DD-4696-85ED-7B245C2F5E26}.Release|Any CPU.ActiveCfg = Release|Any CPU
		{5C853A4C-16DD-4696-85ED-7B245C2F5E26}.Release|Any CPU.Build.0 = Release|Any CPU
	EndGlobalSection
	GlobalSection(SolutionProperties) = preSolution
		HideSolutionNode = FALSE
	EndGlobalSection
	GlobalSection(ExtensibilityGlobals) = postSolution
		SolutionGuid = {D0F8EE81-6A4A-4D8D-831B-B03269710840}
	EndGlobalSection
EndGlobal
